{
  "version": 4,
  "terraform_version": "1.4.6",
  "serial": 18,
  "lineage": "f8bb6b75-283e-70c3-1347-e28321ce40e6",
  "outputs": {
    "vm_public_ip_address": {
      "value": "",
      "type": "string"
    }
  },
  "resources": [
    {
      "mode": "data",
      "type": "azurerm_network_watcher",
      "name": "nw",
      "provider": "provider[\"registry.terraform.io/hashicorp/azurerm\"]",
      "instances": [
        {
          "schema_version": 0,
          "attributes": {
            "id": "/subscriptions/116f60fd-cd0c-4c20-be97-fc4f2a181d81/resourceGroups/NetworkWatcherRG/providers/Microsoft.Network/networkWatchers/NetworkWatcher_EastUS",
            "location": "eastus",
            "name": "NetworkWatcher_EastUS",
            "resource_group_name": "NetworkWatcherRG",
            "tags": {},
            "timeouts": null
          },
          "sensitive_attributes": []
        }
      ]
    },
    {
      "mode": "managed",
      "type": "azurerm_linux_virtual_machine",
      "name": "vm",
      "provider": "provider[\"registry.terraform.io/hashicorp/azurerm\"]",
      "instances": []
    },
    {
      "mode": "managed",
      "type": "azurerm_log_analytics_workspace",
      "name": "law",
      "provider": "provider[\"registry.terraform.io/hashicorp/azurerm\"]",
      "instances": [
        {
          "schema_version": 3,
          "attributes": {
            "allow_resource_only_permissions": true,
            "cmk_for_query_forced": false,
            "daily_quota_gb": -1,
            "data_collection_rule_id": "",
            "id": "/subscriptions/116f60fd-cd0c-4c20-be97-fc4f2a181d81/resourceGroups/flowlog-rg/providers/Microsoft.OperationalInsights/workspaces/flowlog-law",
            "identity": [],
            "immediate_data_purge_on_30_days_enabled": false,
            "internet_ingestion_enabled": true,
            "internet_query_enabled": true,
            "local_authentication_disabled": false,
            "location": "eastus",
            "name": "flowlog-law",
            "primary_shared_key": "Qx/PwzilHpXk/L/MdBcFlgnJhEZ1I8vYCjIT/36hzyy1Btq5yCNHfAJvEqDgYVUp4SIL/g2PZXh+E61pPtQ2eg==",
            "reservation_capacity_in_gb_per_day": null,
            "resource_group_name": "flowlog-rg",
            "retention_in_days": 30,
            "secondary_shared_key": "R5OMkcXsbDI7lgjqS7AKhX1zE1IyItzhZC4lB7Bh83dgfPVx9IaXvIdZM1Rl2qPLseNiD215lcX2brnS0Eirbg==",
            "sku": "PerGB2018",
            "tags": {
              "Environment": "Dev",
              "Owner": "smakineni",
              "Project": "NetworkFlowLogs"
            },
            "timeouts": null,
            "workspace_id": "13fd68b6-7874-4eff-bdad-f1c27317dcce"
          },
          "sensitive_attributes": [],
          "private": "eyJlMmJmYjczMC1lY2FhLTExZTYtOGY4OC0zNDM2M2JjN2M0YzAiOnsiY3JlYXRlIjoxODAwMDAwMDAwMDAwLCJkZWxldGUiOjE4MDAwMDAwMDAwMDAsInJlYWQiOjMwMDAwMDAwMDAwMCwidXBkYXRlIjoxODAwMDAwMDAwMDAwfSwic2NoZW1hX3ZlcnNpb24iOiIzIn0=",
          "dependencies": [
            "azurerm_resource_group.rg"
          ]
        }
      ]
    },
    {
      "mode": "managed",
      "type": "azurerm_network_interface_security_group_association",
      "name": "vm_nic_nsg_association",
      "provider": "provider[\"registry.terraform.io/hashicorp/azurerm\"]",
      "instances": []
    },
    {
      "mode": "managed",
      "type": "azurerm_network_security_group",
      "name": "flowlog_nsg",
      "provider": "provider[\"registry.terraform.io/hashicorp/azurerm\"]",
      "instances": [
        {
          "schema_version": 0,
          "attributes": {
            "id": "/subscriptions/116f60fd-cd0c-4c20-be97-fc4f2a181d81/resourceGroups/flowlog-rg/providers/Microsoft.Network/networkSecurityGroups/flowlog-subnet-nsg",
            "location": "eastus",
            "name": "flowlog-subnet-nsg",
            "resource_group_name": "flowlog-rg",
            "security_rule": [],
            "tags": {
              "Environment": "Dev",
              "Owner": "smakineni",
              "Project": "NetworkFlowLogs"
            },
            "timeouts": null
          },
          "sensitive_attributes": [],
          "private": "eyJlMmJmYjczMC1lY2FhLTExZTYtOGY4OC0zNDM2M2JjN2M0YzAiOnsiY3JlYXRlIjoxODAwMDAwMDAwMDAwLCJkZWxldGUiOjE4MDAwMDAwMDAwMDAsInJlYWQiOjMwMDAwMDAwMDAwMCwidXBkYXRlIjoxODAwMDAwMDAwMDAwfX0=",
          "dependencies": [
            "azurerm_resource_group.rg"
          ]
        }
      ]
    },
    {
      "mode": "managed",
      "type": "azurerm_network_watcher_flow_log",
      "name": "nsg_flowlog",
      "provider": "provider[\"registry.terraform.io/hashicorp/azurerm\"]",
      "instances": [
        {
          "schema_version": 1,
          "attributes": {
            "enabled": true,
            "id": "/subscriptions/116f60fd-cd0c-4c20-be97-fc4f2a181d81/resourceGroups/NetworkWatcherRG/providers/Microsoft.Network/networkWatchers/NetworkWatcher_EastUS/flowLogs/flowlog-subnet-nsg-flowlog",
            "location": "eastus",
            "name": "flowlog-subnet-nsg-flowlog",
            "network_security_group_id": "/subscriptions/116f60fd-cd0c-4c20-be97-fc4f2a181d81/resourceGroups/flowlog-rg/providers/Microsoft.Network/networkSecurityGroups/flowlog-subnet-nsg",
            "network_watcher_name": "NetworkWatcher_EastUS",
            "resource_group_name": "NetworkWatcherRG",
            "retention_policy": [
              {
                "days": 7,
                "enabled": true
              }
            ],
            "storage_account_id": "/subscriptions/116f60fd-cd0c-4c20-be97-fc4f2a181d81/resourceGroups/flowlog-rg/providers/Microsoft.Storage/storageAccounts/flowlogsvnetpc",
            "tags": {
              "Environment": "Dev",
              "Owner": "smakineni",
              "Project": "NetworkFlowLogs"
            },
            "timeouts": null,
            "traffic_analytics": [
              {
                "enabled": true,
                "interval_in_minutes": 10,
                "workspace_id": "13fd68b6-7874-4eff-bdad-f1c27317dcce",
                "workspace_region": "eastus",
                "workspace_resource_id": "/subscriptions/116f60fd-cd0c-4c20-be97-fc4f2a181d81/resourceGroups/flowlog-rg/providers/Microsoft.OperationalInsights/workspaces/flowlog-law"
              }
            ],
            "version": 2
          },
          "sensitive_attributes": [],
          "private": "eyJlMmJmYjczMC1lY2FhLTExZTYtOGY4OC0zNDM2M2JjN2M0YzAiOnsiY3JlYXRlIjoxODAwMDAwMDAwMDAwLCJkZWxldGUiOjE4MDAwMDAwMDAwMDAsInJlYWQiOjMwMDAwMDAwMDAwMCwidXBkYXRlIjoxODAwMDAwMDAwMDAwfSwic2NoZW1hX3ZlcnNpb24iOiIxIn0=",
          "dependencies": [
            "azurerm_log_analytics_workspace.law",
            "azurerm_network_security_group.flowlog_nsg",
            "azurerm_resource_group.rg",
            "azurerm_storage_account.flowlogs",
            "azurerm_subnet.flowlog_subnet",
            "azurerm_virtual_network.vnet",
            "data.azurerm_network_watcher.nw"
          ]
        }
      ]
    },
    {
      "mode": "managed",
      "type": "azurerm_public_ip",
      "name": "vm_public_ip",
      "provider": "provider[\"registry.terraform.io/hashicorp/azurerm\"]",
      "instances": [
        {
          "schema_version": 0,
          "attributes": {
            "allocation_method": "Dynamic",
            "ddos_protection_mode": "VirtualNetworkInherited",
            "ddos_protection_plan_id": null,
            "domain_name_label": null,
            "edge_zone": "",
            "fqdn": null,
            "id": "/subscriptions/116f60fd-cd0c-4c20-be97-fc4f2a181d81/resourceGroups/flowlog-rg/providers/Microsoft.Network/publicIPAddresses/flowlog-vm-public-ip",
            "idle_timeout_in_minutes": 4,
            "ip_address": "",
            "ip_tags": null,
            "ip_version": "IPv4",
            "location": "eastus",
            "name": "flowlog-vm-public-ip",
            "public_ip_prefix_id": null,
            "resource_group_name": "flowlog-rg",
            "reverse_fqdn": null,
            "sku": "Basic",
            "sku_tier": "Regional",
            "tags": {
              "Environment": "Dev",
              "Owner": "smakineni",
              "Project": "NetworkFlowLogs"
            },
            "timeouts": null,
            "zones": null
          },
          "sensitive_attributes": [],
          "private": "eyJlMmJmYjczMC1lY2FhLTExZTYtOGY4OC0zNDM2M2JjN2M0YzAiOnsiY3JlYXRlIjoxODAwMDAwMDAwMDAwLCJkZWxldGUiOjE4MDAwMDAwMDAwMDAsInJlYWQiOjMwMDAwMDAwMDAwMCwidXBkYXRlIjoxODAwMDAwMDAwMDAwfX0="
        }
      ]
    },
    {
      "mode": "managed",
      "type": "azurerm_resource_group",
      "name": "rg",
      "provider": "provider[\"registry.terraform.io/hashicorp/azurerm\"]",
      "instances": [
        {
          "schema_version": 0,
          "attributes": {
            "id": "/subscriptions/116f60fd-cd0c-4c20-be97-fc4f2a181d81/resourceGroups/flowlog-rg",
            "location": "eastus",
            "managed_by": "",
            "name": "flowlog-rg",
            "tags": {
              "Environment": "Dev",
              "Owner": "smakineni",
              "Project": "NetworkFlowLogs"
            },
            "timeouts": null
          },
          "sensitive_attributes": [],
          "private": "eyJlMmJmYjczMC1lY2FhLTExZTYtOGY4OC0zNDM2M2JjN2M0YzAiOnsiY3JlYXRlIjo1NDAwMDAwMDAwMDAwLCJkZWxldGUiOjU0MDAwMDAwMDAwMDAsInJlYWQiOjMwMDAwMDAwMDAwMCwidXBkYXRlIjo1NDAwMDAwMDAwMDAwfX0="
        }
      ]
    },
    {
      "mode": "managed",
      "type": "azurerm_storage_account",
      "name": "flowlogs",
      "provider": "provider[\"registry.terraform.io/hashicorp/azurerm\"]",
      "instances": [
        {
          "schema_version": 4,
          "attributes": {
            "access_tier": "Hot",
            "account_kind": "StorageV2",
            "account_replication_type": "LRS",
            "account_tier": "Standard",
            "allow_nested_items_to_be_public": true,
            "allowed_copy_scope": "",
            "azure_files_authentication": [],
            "blob_properties": [
              {
                "change_feed_enabled": false,
                "change_feed_retention_in_days": 0,
                "container_delete_retention_policy": [],
                "cors_rule": [],
                "default_service_version": "",
                "delete_retention_policy": [],
                "last_access_time_enabled": false,
                "restore_policy": [],
                "versioning_enabled": false
              }
            ],
            "cross_tenant_replication_enabled": true,
            "custom_domain": [],
            "customer_managed_key": [],
            "default_to_oauth_authentication": false,
            "dns_endpoint_type": "Standard",
            "edge_zone": "",
            "enable_https_traffic_only": true,
            "https_traffic_only_enabled": true,
            "id": "/subscriptions/116f60fd-cd0c-4c20-be97-fc4f2a181d81/resourceGroups/flowlog-rg/providers/Microsoft.Storage/storageAccounts/flowlogsvnetpc",
            "identity": [],
            "immutability_policy": [],
            "infrastructure_encryption_enabled": false,
            "is_hns_enabled": false,
            "large_file_share_enabled": false,
            "local_user_enabled": true,
            "location": "eastus",
            "min_tls_version": "TLS1_2",
            "name": "flowlogsvnetpc",
            "network_rules": [
              {
                "bypass": [
                  "AzureServices"
                ],
                "default_action": "Deny",
                "ip_rules": [],
                "private_link_access": [],
                "virtual_network_subnet_ids": [
                  "/subscriptions/116f60fd-cd0c-4c20-be97-fc4f2a181d81/resourceGroups/flowlog-rg/providers/Microsoft.Network/virtualNetworks/flowlog-vnet/subnets/flowlog-subnet"
                ]
              }
            ],
            "nfsv3_enabled": false,
            "primary_access_key": "gMbUQWWKtAkvLQA5rzEiOS9xOrOjMNsZB1IhorGRYySloj0xT2WfyC7FNCFsLg0xZVo1uUdtRmDu+AStPlTdTg==",
            "primary_blob_connection_string": "DefaultEndpointsProtocol=https;BlobEndpoint=https://flowlogsvnetpc.blob.core.windows.net/;AccountName=flowlogsvnetpc;AccountKey=gMbUQWWKtAkvLQA5rzEiOS9xOrOjMNsZB1IhorGRYySloj0xT2WfyC7FNCFsLg0xZVo1uUdtRmDu+AStPlTdTg==",
            "primary_blob_endpoint": "https://flowlogsvnetpc.blob.core.windows.net/",
            "primary_blob_host": "flowlogsvnetpc.blob.core.windows.net",
            "primary_blob_internet_endpoint": "",
            "primary_blob_internet_host": "",
            "primary_blob_microsoft_endpoint": "",
            "primary_blob_microsoft_host": "",
            "primary_connection_string": "DefaultEndpointsProtocol=https;AccountName=flowlogsvnetpc;AccountKey=gMbUQWWKtAkvLQA5rzEiOS9xOrOjMNsZB1IhorGRYySloj0xT2WfyC7FNCFsLg0xZVo1uUdtRmDu+AStPlTdTg==;EndpointSuffix=core.windows.net",
            "primary_dfs_endpoint": "https://flowlogsvnetpc.dfs.core.windows.net/",
            "primary_dfs_host": "flowlogsvnetpc.dfs.core.windows.net",
            "primary_dfs_internet_endpoint": "",
            "primary_dfs_internet_host": "",
            "primary_dfs_microsoft_endpoint": "",
            "primary_dfs_microsoft_host": "",
            "primary_file_endpoint": "https://flowlogsvnetpc.file.core.windows.net/",
            "primary_file_host": "flowlogsvnetpc.file.core.windows.net",
            "primary_file_internet_endpoint": "",
            "primary_file_internet_host": "",
            "primary_file_microsoft_endpoint": "",
            "primary_file_microsoft_host": "",
            "primary_location": "eastus",
            "primary_queue_endpoint": "https://flowlogsvnetpc.queue.core.windows.net/",
            "primary_queue_host": "flowlogsvnetpc.queue.core.windows.net",
            "primary_queue_microsoft_endpoint": "",
            "primary_queue_microsoft_host": "",
            "primary_table_endpoint": "https://flowlogsvnetpc.table.core.windows.net/",
            "primary_table_host": "flowlogsvnetpc.table.core.windows.net",
            "primary_table_microsoft_endpoint": "",
            "primary_table_microsoft_host": "",
            "primary_web_endpoint": "https://flowlogsvnetpc.z13.web.core.windows.net/",
            "primary_web_host": "flowlogsvnetpc.z13.web.core.windows.net",
            "primary_web_internet_endpoint": "",
            "primary_web_internet_host": "",
            "primary_web_microsoft_endpoint": "",
            "primary_web_microsoft_host": "",
            "public_network_access_enabled": true,
            "queue_encryption_key_type": "Service",
            "queue_properties": [
              {
                "cors_rule": [],
                "hour_metrics": [
                  {
                    "enabled": false,
                    "include_apis": false,
                    "retention_policy_days": 0,
                    "version": "1.0"
                  }
                ],
                "logging": [
                  {
                    "delete": false,
                    "read": false,
                    "retention_policy_days": 0,
                    "version": "1.0",
                    "write": false
                  }
                ],
                "minute_metrics": [
                  {
                    "enabled": false,
                    "include_apis": false,
                    "retention_policy_days": 0,
                    "version": "1.0"
                  }
                ]
              }
            ],
            "resource_group_name": "flowlog-rg",
            "routing": [],
            "sas_policy": [],
            "secondary_access_key": "dTnBYGpwKAcFHgQWBzpzra2H+mRDl/6sAOxf3JOkzoqeDM8icgAlFyr4PFi7XEMKVYu764RCIr5X+AStQUxIaA==",
            "secondary_blob_connection_string": "",
            "secondary_blob_endpoint": "",
            "secondary_blob_host": "",
            "secondary_blob_internet_endpoint": "",
            "secondary_blob_internet_host": "",
            "secondary_blob_microsoft_endpoint": "",
            "secondary_blob_microsoft_host": "",
            "secondary_connection_string": "DefaultEndpointsProtocol=https;AccountName=flowlogsvnetpc;AccountKey=dTnBYGpwKAcFHgQWBzpzra2H+mRDl/6sAOxf3JOkzoqeDM8icgAlFyr4PFi7XEMKVYu764RCIr5X+AStQUxIaA==;EndpointSuffix=core.windows.net",
            "secondary_dfs_endpoint": "",
            "secondary_dfs_host": "",
            "secondary_dfs_internet_endpoint": "",
            "secondary_dfs_internet_host": "",
            "secondary_dfs_microsoft_endpoint": "",
            "secondary_dfs_microsoft_host": "",
            "secondary_file_endpoint": "",
            "secondary_file_host": "",
            "secondary_file_internet_endpoint": "",
            "secondary_file_internet_host": "",
            "secondary_file_microsoft_endpoint": "",
            "secondary_file_microsoft_host": "",
            "secondary_location": "",
            "secondary_queue_endpoint": "",
            "secondary_queue_host": "",
            "secondary_queue_microsoft_endpoint": "",
            "secondary_queue_microsoft_host": "",
            "secondary_table_endpoint": "",
            "secondary_table_host": "",
            "secondary_table_microsoft_endpoint": "",
            "secondary_table_microsoft_host": "",
            "secondary_web_endpoint": "",
            "secondary_web_host": "",
            "secondary_web_internet_endpoint": "",
            "secondary_web_internet_host": "",
            "secondary_web_microsoft_endpoint": "",
            "secondary_web_microsoft_host": "",
            "sftp_enabled": false,
            "share_properties": [
              {
                "cors_rule": [],
                "retention_policy": [
                  {
                    "days": 7
                  }
                ],
                "smb": []
              }
            ],
            "shared_access_key_enabled": true,
            "static_website": [],
            "table_encryption_key_type": "Service",
            "tags": {
              "Environment": "Dev",
              "Owner": "smakineni",
              "Project": "NetworkFlowLogs"
            },
            "timeouts": null
          },
          "sensitive_attributes": [],
          "private": "eyJlMmJmYjczMC1lY2FhLTExZTYtOGY4OC0zNDM2M2JjN2M0YzAiOnsiY3JlYXRlIjozNjAwMDAwMDAwMDAwLCJkZWxldGUiOjM2MDAwMDAwMDAwMDAsInJlYWQiOjMwMDAwMDAwMDAwMCwidXBkYXRlIjozNjAwMDAwMDAwMDAwfSwic2NoZW1hX3ZlcnNpb24iOiI0In0=",
          "dependencies": [
            "azurerm_resource_group.rg",
            "azurerm_subnet.flowlog_subnet",
            "azurerm_virtual_network.vnet"
          ]
        }
      ]
    },
    {
      "mode": "managed",
      "type": "azurerm_subnet",
      "name": "flowlog_subnet",
      "provider": "provider[\"registry.terraform.io/hashicorp/azurerm\"]",
      "instances": [
        {
          "schema_version": 0,
          "attributes": {
            "address_prefixes": [
              "10.0.1.0/24"
            ],
            "default_outbound_access_enabled": true,
            "delegation": [],
            "enforce_private_link_endpoint_network_policies": false,
            "enforce_private_link_service_network_policies": false,
            "id": "/subscriptions/116f60fd-cd0c-4c20-be97-fc4f2a181d81/resourceGroups/flowlog-rg/providers/Microsoft.Network/virtualNetworks/flowlog-vnet/subnets/flowlog-subnet",
            "name": "flowlog-subnet",
            "private_endpoint_network_policies": "Enabled",
            "private_endpoint_network_policies_enabled": true,
            "private_link_service_network_policies_enabled": true,
            "resource_group_name": "flowlog-rg",
            "service_endpoint_policy_ids": [],
            "service_endpoints": [
              "Microsoft.Storage"
            ],
            "timeouts": null,
            "virtual_network_name": "flowlog-vnet"
          },
          "sensitive_attributes": [],
          "private": "eyJlMmJmYjczMC1lY2FhLTExZTYtOGY4OC0zNDM2M2JjN2M0YzAiOnsiY3JlYXRlIjoxODAwMDAwMDAwMDAwLCJkZWxldGUiOjE4MDAwMDAwMDAwMDAsInJlYWQiOjMwMDAwMDAwMDAwMCwidXBkYXRlIjoxODAwMDAwMDAwMDAwfX0=",
          "dependencies": [
            "azurerm_resource_group.rg",
            "azurerm_virtual_network.vnet"
          ]
        }
      ]
    },
    {
      "mode": "managed",
      "type": "azurerm_subnet_network_security_group_association",
      "name": "flowlog_nsg_association",
      "provider": "provider[\"registry.terraform.io/hashicorp/azurerm\"]",
      "instances": [
        {
          "schema_version": 0,
          "attributes": {
            "id": "/subscriptions/116f60fd-cd0c-4c20-be97-fc4f2a181d81/resourceGroups/flowlog-rg/providers/Microsoft.Network/virtualNetworks/flowlog-vnet/subnets/flowlog-subnet",
            "network_security_group_id": "/subscriptions/116f60fd-cd0c-4c20-be97-fc4f2a181d81/resourceGroups/flowlog-rg/providers/Microsoft.Network/networkSecurityGroups/flowlog-subnet-nsg",
            "subnet_id": "/subscriptions/116f60fd-cd0c-4c20-be97-fc4f2a181d81/resourceGroups/flowlog-rg/providers/Microsoft.Network/virtualNetworks/flowlog-vnet/subnets/flowlog-subnet",
            "timeouts": null
          },
          "sensitive_attributes": [],
          "private": "eyJlMmJmYjczMC1lY2FhLTExZTYtOGY4OC0zNDM2M2JjN2M0YzAiOnsiY3JlYXRlIjoxODAwMDAwMDAwMDAwLCJkZWxldGUiOjE4MDAwMDAwMDAwMDAsInJlYWQiOjMwMDAwMDAwMDAwMH19",
          "dependencies": [
            "azurerm_network_security_group.flowlog_nsg",
            "azurerm_resource_group.rg",
            "azurerm_subnet.flowlog_subnet",
            "azurerm_virtual_network.vnet"
          ]
        }
      ]
    },
    {
      "mode": "managed",
      "type": "azurerm_virtual_network",
      "name": "vnet",
      "provider": "provider[\"registry.terraform.io/hashicorp/azurerm\"]",
      "instances": [
        {
          "schema_version": 0,
          "attributes": {
            "address_space": [
              "10.0.0.0/16"
            ],
            "bgp_community": "",
            "ddos_protection_plan": [],
            "dns_servers": [],
            "edge_zone": "",
            "encryption": [],
            "flow_timeout_in_minutes": 0,
            "guid": "8a039cc0-083b-4de8-9f94-9d442bd527c7",
            "id": "/subscriptions/116f60fd-cd0c-4c20-be97-fc4f2a181d81/resourceGroups/flowlog-rg/providers/Microsoft.Network/virtualNetworks/flowlog-vnet",
            "location": "eastus",
            "name": "flowlog-vnet",
            "resource_group_name": "flowlog-rg",
            "subnet": [
              {
                "address_prefix": "10.0.1.0/24",
                "id": "/subscriptions/116f60fd-cd0c-4c20-be97-fc4f2a181d81/resourceGroups/flowlog-rg/providers/Microsoft.Network/virtualNetworks/flowlog-vnet/subnets/flowlog-subnet",
                "name": "flowlog-subnet",
                "security_group": "/subscriptions/116f60fd-cd0c-4c20-be97-fc4f2a181d81/resourceGroups/flowlog-rg/providers/Microsoft.Network/networkSecurityGroups/flowlog-subnet-nsg"
              }
            ],
            "tags": {
              "Environment": "Dev",
              "Owner": "smakineni",
              "Project": "NetworkFlowLogs"
            },
            "timeouts": null
          },
          "sensitive_attributes": [],
          "private": "eyJlMmJmYjczMC1lY2FhLTExZTYtOGY4OC0zNDM2M2JjN2M0YzAiOnsiY3JlYXRlIjoxODAwMDAwMDAwMDAwLCJkZWxldGUiOjE4MDAwMDAwMDAwMDAsInJlYWQiOjMwMDAwMDAwMDAwMCwidXBkYXRlIjoxODAwMDAwMDAwMDAwfX0=",
          "dependencies": [
            "azurerm_resource_group.rg"
          ]
        }
      ]
    }
  ],
  "check_results": null
}
