{
  "version": 4,
  "terraform_version": "1.4.6",
  "serial": 23,
  "lineage": "f8bb6b75-283e-70c3-1347-e28321ce40e6",
  "outputs": {
    "vm_private_ip_address": {
      "value": "10.0.1.4",
      "type": "string"
    }
  },
  "resources": [
    {
      "mode": "data",
      "type": "azurerm_network_watcher",
      "name": "nw",
      "provider": "provider[\"registry.terraform.io/hashicorp/azurerm\"]",
      "instances": [
        {
          "schema_version": 0,
          "attributes": {
            "id": "/subscriptions/116f60fd-cd0c-4c20-be97-fc4f2a181d81/resourceGroups/NetworkWatcherRG/providers/Microsoft.Network/networkWatchers/NetworkWatcher_EastUS",
            "location": "eastus",
            "name": "NetworkWatcher_EastUS",
            "resource_group_name": "NetworkWatcherRG",
            "tags": {},
            "timeouts": null
          },
          "sensitive_attributes": []
        }
      ]
    },
    {
      "mode": "managed",
      "type": "azurerm_linux_virtual_machine",
      "name": "vm",
      "provider": "provider[\"registry.terraform.io/hashicorp/azurerm\"]",
      "instances": [
        {
          "schema_version": 0,
          "attributes": {
            "additional_capabilities": [],
            "admin_password": "M@Ktech01",
            "admin_ssh_key": [],
            "admin_username": "azureuser",
            "allow_extension_operations": true,
            "availability_set_id": "",
            "boot_diagnostics": [],
            "bypass_platform_safety_checks_on_user_schedule_enabled": false,
            "capacity_reservation_group_id": "",
            "computer_name": "flowlog-vm",
            "custom_data": null,
            "dedicated_host_group_id": "",
            "dedicated_host_id": "",
            "disable_password_authentication": false,
            "disk_controller_type": "SCSI",
            "edge_zone": "",
            "encryption_at_host_enabled": false,
            "eviction_policy": "",
            "extensions_time_budget": "PT1H30M",
            "gallery_application": [],
            "id": "/subscriptions/116f60fd-cd0c-4c20-be97-fc4f2a181d81/resourceGroups/flowlog-rg/providers/Microsoft.Compute/virtualMachines/flowlog-vm",
            "identity": [],
            "license_type": "",
            "location": "eastus",
            "max_bid_price": -1,
            "name": "flowlog-vm",
            "network_interface_ids": [
              "/subscriptions/116f60fd-cd0c-4c20-be97-fc4f2a181d81/resourceGroups/flowlog-rg/providers/Microsoft.Network/networkInterfaces/flowlog-vm-nic"
            ],
            "os_disk": [
              {
                "caching": "ReadWrite",
                "diff_disk_settings": [],
                "disk_encryption_set_id": "",
                "disk_size_gb": 30,
                "name": "flowlog-vm_disk1_2c40b62671ab49f3a853c6a8072478d2",
                "secure_vm_disk_encryption_set_id": "",
                "security_encryption_type": "",
                "storage_account_type": "Standard_LRS",
                "write_accelerator_enabled": false
              }
            ],
            "os_image_notification": [],
            "patch_assessment_mode": "ImageDefault",
            "patch_mode": "ImageDefault",
            "plan": [],
            "platform_fault_domain": -1,
            "priority": "Regular",
            "private_ip_address": "10.0.1.4",
            "private_ip_addresses": [
              "10.0.1.4"
            ],
            "provision_vm_agent": true,
            "proximity_placement_group_id": "",
            "public_ip_address": "",
            "public_ip_addresses": [],
            "reboot_setting": "",
            "resource_group_name": "flowlog-rg",
            "secret": [],
            "secure_boot_enabled": false,
            "size": "Standard_B1s",
            "source_image_id": "",
            "source_image_reference": [
              {
                "offer": "0001-com-ubuntu-server-jammy",
                "publisher": "Canonical",
                "sku": "22_04-lts-gen2",
                "version": "latest"
              }
            ],
            "tags": {
              "Environment": "Dev",
              "Owner": "smakineni",
              "Project": "NetworkFlowLogs"
            },
            "termination_notification": null,
            "timeouts": null,
            "user_data": "",
            "virtual_machine_id": "dc11eb9c-92e1-4c17-9f7e-db478d7f9806",
            "virtual_machine_scale_set_id": "",
            "vm_agent_platform_updates_enabled": false,
            "vtpm_enabled": false,
            "zone": ""
          },
          "sensitive_attributes": [
            [
              {
                "type": "get_attr",
                "value": "admin_password"
              }
            ]
          ],
          "private": "eyJlMmJmYjczMC1lY2FhLTExZTYtOGY4OC0zNDM2M2JjN2M0YzAiOnsiY3JlYXRlIjoyNzAwMDAwMDAwMDAwLCJkZWxldGUiOjI3MDAwMDAwMDAwMDAsInJlYWQiOjMwMDAwMDAwMDAwMCwidXBkYXRlIjoyNzAwMDAwMDAwMDAwfX0=",
          "dependencies": [
            "azurerm_network_interface.vm_nic",
            "azurerm_subnet.flowlog_subnet"
          ]
        }
      ]
    },
    {
      "mode": "managed",
      "type": "azurerm_log_analytics_workspace",
      "name": "law",
      "provider": "provider[\"registry.terraform.io/hashicorp/azurerm\"]",
      "instances": [
        {
          "schema_version": 3,
          "attributes": {
            "allow_resource_only_permissions": true,
            "cmk_for_query_forced": false,
            "daily_quota_gb": -1,
            "data_collection_rule_id": "",
            "id": "/subscriptions/116f60fd-cd0c-4c20-be97-fc4f2a181d81/resourceGroups/flowlog-rg/providers/Microsoft.OperationalInsights/workspaces/flowlog-law",
            "identity": [],
            "immediate_data_purge_on_30_days_enabled": false,
            "internet_ingestion_enabled": true,
            "internet_query_enabled": true,
            "local_authentication_disabled": false,
            "location": "eastus",
            "name": "flowlog-law",
            "primary_shared_key": "Qx/PwzilHpXk/L/MdBcFlgnJhEZ1I8vYCjIT/36hzyy1Btq5yCNHfAJvEqDgYVUp4SIL/g2PZXh+E61pPtQ2eg==",
            "reservation_capacity_in_gb_per_day": null,
            "resource_group_name": "flowlog-rg",
            "retention_in_days": 30,
            "secondary_shared_key": "R5OMkcXsbDI7lgjqS7AKhX1zE1IyItzhZC4lB7Bh83dgfPVx9IaXvIdZM1Rl2qPLseNiD215lcX2brnS0Eirbg==",
            "sku": "PerGB2018",
            "tags": {
              "Environment": "Dev",
              "Owner": "smakineni",
              "Project": "NetworkFlowLogs"
            },
            "timeouts": null,
            "workspace_id": "13fd68b6-7874-4eff-bdad-f1c27317dcce"
          },
          "sensitive_attributes": [],
          "private": "eyJlMmJmYjczMC1lY2FhLTExZTYtOGY4OC0zNDM2M2JjN2M0YzAiOnsiY3JlYXRlIjoxODAwMDAwMDAwMDAwLCJkZWxldGUiOjE4MDAwMDAwMDAwMDAsInJlYWQiOjMwMDAwMDAwMDAwMCwidXBkYXRlIjoxODAwMDAwMDAwMDAwfSwic2NoZW1hX3ZlcnNpb24iOiIzIn0=",
          "dependencies": [
            "azurerm_resource_group.rg"
          ]
        }
      ]
    },
    {
      "mode": "managed",
      "type": "azurerm_network_interface",
      "name": "vm_nic",
      "provider": "provider[\"registry.terraform.io/hashicorp/azurerm\"]",
      "instances": [
        {
          "schema_version": 0,
          "attributes": {
            "accelerated_networking_enabled": false,
            "applied_dns_servers": [],
            "auxiliary_mode": "",
            "auxiliary_sku": "",
            "dns_servers": [],
            "edge_zone": "",
            "enable_accelerated_networking": false,
            "enable_ip_forwarding": false,
            "id": "/subscriptions/116f60fd-cd0c-4c20-be97-fc4f2a181d81/resourceGroups/flowlog-rg/providers/Microsoft.Network/networkInterfaces/flowlog-vm-nic",
            "internal_dns_name_label": "",
            "internal_domain_name_suffix": "ycoahcr1bdue1h2utvccxvjhyh.bx.internal.cloudapp.net",
            "ip_configuration": [
              {
                "gateway_load_balancer_frontend_ip_configuration_id": "",
                "name": "internal",
                "primary": true,
                "private_ip_address": "10.0.1.4",
                "private_ip_address_allocation": "Dynamic",
                "private_ip_address_version": "IPv4",
                "public_ip_address_id": "",
                "subnet_id": "/subscriptions/116f60fd-cd0c-4c20-be97-fc4f2a181d81/resourceGroups/flowlog-rg/providers/Microsoft.Network/virtualNetworks/flowlog-vnet/subnets/flowlog-subnet"
              }
            ],
            "ip_forwarding_enabled": false,
            "location": "eastus",
            "mac_address": "",
            "name": "flowlog-vm-nic",
            "private_ip_address": "10.0.1.4",
            "private_ip_addresses": [
              "10.0.1.4"
            ],
            "resource_group_name": "flowlog-rg",
            "tags": {
              "Environment": "Dev",
              "Owner": "smakineni",
              "Project": "NetworkFlowLogs"
            },
            "timeouts": null,
            "virtual_machine_id": ""
          },
          "sensitive_attributes": [],
          "private": "eyJlMmJmYjczMC1lY2FhLTExZTYtOGY4OC0zNDM2M2JjN2M0YzAiOnsiY3JlYXRlIjoxODAwMDAwMDAwMDAwLCJkZWxldGUiOjE4MDAwMDAwMDAwMDAsInJlYWQiOjMwMDAwMDAwMDAwMCwidXBkYXRlIjoxODAwMDAwMDAwMDAwfX0=",
          "dependencies": [
            "azurerm_subnet.flowlog_subnet"
          ]
        }
      ]
    },
    {
      "mode": "managed",
      "type": "azurerm_network_interface_security_group_association",
      "name": "vm_nic_nsg_association",
      "provider": "provider[\"registry.terraform.io/hashicorp/azurerm\"]",
      "instances": [
        {
          "schema_version": 0,
          "attributes": {
            "id": "/subscriptions/116f60fd-cd0c-4c20-be97-fc4f2a181d81/resourceGroups/flowlog-rg/providers/Microsoft.Network/networkInterfaces/flowlog-vm-nic|/subscriptions/116f60fd-cd0c-4c20-be97-fc4f2a181d81/resourceGroups/flowlog-rg/providers/Microsoft.Network/networkSecurityGroups/flowlog-subnet-nsg",
            "network_interface_id": "/subscriptions/116f60fd-cd0c-4c20-be97-fc4f2a181d81/resourceGroups/flowlog-rg/providers/Microsoft.Network/networkInterfaces/flowlog-vm-nic",
            "network_security_group_id": "/subscriptions/116f60fd-cd0c-4c20-be97-fc4f2a181d81/resourceGroups/flowlog-rg/providers/Microsoft.Network/networkSecurityGroups/flowlog-subnet-nsg",
            "timeouts": null
          },
          "sensitive_attributes": [],
          "private": "eyJlMmJmYjczMC1lY2FhLTExZTYtOGY4OC0zNDM2M2JjN2M0YzAiOnsiY3JlYXRlIjoxODAwMDAwMDAwMDAwLCJkZWxldGUiOjE4MDAwMDAwMDAwMDAsInJlYWQiOjMwMDAwMDAwMDAwMH19",
          "dependencies": [
            "azurerm_network_interface.vm_nic",
            "azurerm_network_security_group.flowlog_nsg",
            "azurerm_subnet.flowlog_subnet"
          ]
        }
      ]
    },
    {
      "mode": "managed",
      "type": "azurerm_network_security_group",
      "name": "flowlog_nsg",
      "provider": "provider[\"registry.terraform.io/hashicorp/azurerm\"]",
      "instances": [
        {
          "schema_version": 0,
          "attributes": {
            "id": "/subscriptions/116f60fd-cd0c-4c20-be97-fc4f2a181d81/resourceGroups/flowlog-rg/providers/Microsoft.Network/networkSecurityGroups/flowlog-subnet-nsg",
            "location": "eastus",
            "name": "flowlog-subnet-nsg",
            "resource_group_name": "flowlog-rg",
            "security_rule": [],
            "tags": {
              "Environment": "Dev",
              "Owner": "smakineni",
              "Project": "NetworkFlowLogs"
            },
            "timeouts": null
          },
          "sensitive_attributes": [],
          "private": "eyJlMmJmYjczMC1lY2FhLTExZTYtOGY4OC0zNDM2M2JjN2M0YzAiOnsiY3JlYXRlIjoxODAwMDAwMDAwMDAwLCJkZWxldGUiOjE4MDAwMDAwMDAwMDAsInJlYWQiOjMwMDAwMDAwMDAwMCwidXBkYXRlIjoxODAwMDAwMDAwMDAwfX0=",
          "dependencies": [
            "azurerm_resource_group.rg"
          ]
        }
      ]
    },
    {
      "mode": "managed",
      "type": "azurerm_network_watcher_flow_log",
      "name": "nsg_flowlog",
      "provider": "provider[\"registry.terraform.io/hashicorp/azurerm\"]",
      "instances": [
        {
          "schema_version": 1,
          "attributes": {
            "enabled": true,
            "id": "/subscriptions/116f60fd-cd0c-4c20-be97-fc4f2a181d81/resourceGroups/NetworkWatcherRG/providers/Microsoft.Network/networkWatchers/NetworkWatcher_EastUS/flowLogs/flowlog-subnet-nsg-flowlog",
            "location": "eastus",
            "name": "flowlog-subnet-nsg-flowlog",
            "network_security_group_id": "/subscriptions/116f60fd-cd0c-4c20-be97-fc4f2a181d81/resourceGroups/flowlog-rg/providers/Microsoft.Network/networkSecurityGroups/flowlog-subnet-nsg",
            "network_watcher_name": "NetworkWatcher_EastUS",
            "resource_group_name": "NetworkWatcherRG",
            "retention_policy": [
              {
                "days": 7,
                "enabled": true
              }
            ],
            "storage_account_id": "/subscriptions/116f60fd-cd0c-4c20-be97-fc4f2a181d81/resourceGroups/flowlog-rg/providers/Microsoft.Storage/storageAccounts/flowlogsvnetpc",
            "tags": {
              "Environment": "Dev",
              "Owner": "smakineni",
              "Project": "NetworkFlowLogs"
            },
            "timeouts": null,
            "traffic_analytics": [
              {
                "enabled": true,
                "interval_in_minutes": 10,
                "workspace_id": "13fd68b6-7874-4eff-bdad-f1c27317dcce",
                "workspace_region": "eastus",
                "workspace_resource_id": "/subscriptions/116f60fd-cd0c-4c20-be97-fc4f2a181d81/resourceGroups/flowlog-rg/providers/Microsoft.OperationalInsights/workspaces/flowlog-law"
              }
            ],
            "version": 2
          },
          "sensitive_attributes": [],
          "private": "eyJlMmJmYjczMC1lY2FhLTExZTYtOGY4OC0zNDM2M2JjN2M0YzAiOnsiY3JlYXRlIjoxODAwMDAwMDAwMDAwLCJkZWxldGUiOjE4MDAwMDAwMDAwMDAsInJlYWQiOjMwMDAwMDAwMDAwMCwidXBkYXRlIjoxODAwMDAwMDAwMDAwfSwic2NoZW1hX3ZlcnNpb24iOiIxIn0=",
          "dependencies": [
            "azurerm_log_analytics_workspace.law",
            "azurerm_network_security_group.flowlog_nsg",
            "azurerm_resource_group.rg",
            "azurerm_storage_account.flowlogs",
            "azurerm_subnet.flowlog_subnet",
            "azurerm_virtual_network.vnet",
            "data.azurerm_network_watcher.nw"
          ]
        }
      ]
    },
    {
      "mode": "managed",
      "type": "azurerm_resource_group",
      "name": "rg",
      "provider": "provider[\"registry.terraform.io/hashicorp/azurerm\"]",
      "instances": [
        {
          "schema_version": 0,
          "attributes": {
            "id": "/subscriptions/116f60fd-cd0c-4c20-be97-fc4f2a181d81/resourceGroups/flowlog-rg",
            "location": "eastus",
            "managed_by": "",
            "name": "flowlog-rg",
            "tags": {
              "Environment": "Dev",
              "Owner": "smakineni",
              "Project": "NetworkFlowLogs"
            },
            "timeouts": null
          },
          "sensitive_attributes": [],
          "private": "eyJlMmJmYjczMC1lY2FhLTExZTYtOGY4OC0zNDM2M2JjN2M0YzAiOnsiY3JlYXRlIjo1NDAwMDAwMDAwMDAwLCJkZWxldGUiOjU0MDAwMDAwMDAwMDAsInJlYWQiOjMwMDAwMDAwMDAwMCwidXBkYXRlIjo1NDAwMDAwMDAwMDAwfX0="
        }
      ]
    },
    {
      "mode": "managed",
      "type": "azurerm_storage_account",
      "name": "flowlogs",
      "provider": "provider[\"registry.terraform.io/hashicorp/azurerm\"]",
      "instances": [
        {
          "schema_version": 4,
          "attributes": {
            "access_tier": "Hot",
            "account_kind": "StorageV2",
            "account_replication_type": "LRS",
            "account_tier": "Standard",
            "allow_nested_items_to_be_public": true,
            "allowed_copy_scope": "",
            "azure_files_authentication": [],
            "blob_properties": [
              {
                "change_feed_enabled": false,
                "change_feed_retention_in_days": 0,
                "container_delete_retention_policy": [],
                "cors_rule": [],
                "default_service_version": "",
                "delete_retention_policy": [],
                "last_access_time_enabled": false,
                "restore_policy": [],
                "versioning_enabled": false
              }
            ],
            "cross_tenant_replication_enabled": true,
            "custom_domain": [],
            "customer_managed_key": [],
            "default_to_oauth_authentication": false,
            "dns_endpoint_type": "Standard",
            "edge_zone": "",
            "enable_https_traffic_only": true,
            "https_traffic_only_enabled": true,
            "id": "/subscriptions/116f60fd-cd0c-4c20-be97-fc4f2a181d81/resourceGroups/flowlog-rg/providers/Microsoft.Storage/storageAccounts/flowlogsvnetpc",
            "identity": [],
            "immutability_policy": [],
            "infrastructure_encryption_enabled": false,
            "is_hns_enabled": false,
            "large_file_share_enabled": false,
            "local_user_enabled": true,
            "location": "eastus",
            "min_tls_version": "TLS1_2",
            "name": "flowlogsvnetpc",
            "network_rules": [
              {
                "bypass": [
                  "AzureServices"
                ],
                "default_action": "Deny",
                "ip_rules": [],
                "private_link_access": [],
                "virtual_network_subnet_ids": [
                  "/subscriptions/116f60fd-cd0c-4c20-be97-fc4f2a181d81/resourceGroups/flowlog-rg/providers/Microsoft.Network/virtualNetworks/flowlog-vnet/subnets/flowlog-subnet"
                ]
              }
            ],
            "nfsv3_enabled": false,
            "primary_access_key": "gMbUQWWKtAkvLQA5rzEiOS9xOrOjMNsZB1IhorGRYySloj0xT2WfyC7FNCFsLg0xZVo1uUdtRmDu+AStPlTdTg==",
            "primary_blob_connection_string": "DefaultEndpointsProtocol=https;BlobEndpoint=https://flowlogsvnetpc.blob.core.windows.net/;AccountName=flowlogsvnetpc;AccountKey=gMbUQWWKtAkvLQA5rzEiOS9xOrOjMNsZB1IhorGRYySloj0xT2WfyC7FNCFsLg0xZVo1uUdtRmDu+AStPlTdTg==",
            "primary_blob_endpoint": "https://flowlogsvnetpc.blob.core.windows.net/",
            "primary_blob_host": "flowlogsvnetpc.blob.core.windows.net",
            "primary_blob_internet_endpoint": "",
            "primary_blob_internet_host": "",
            "primary_blob_microsoft_endpoint": "",
            "primary_blob_microsoft_host": "",
            "primary_connection_string": "DefaultEndpointsProtocol=https;AccountName=flowlogsvnetpc;AccountKey=gMbUQWWKtAkvLQA5rzEiOS9xOrOjMNsZB1IhorGRYySloj0xT2WfyC7FNCFsLg0xZVo1uUdtRmDu+AStPlTdTg==;EndpointSuffix=core.windows.net",
            "primary_dfs_endpoint": "https://flowlogsvnetpc.dfs.core.windows.net/",
            "primary_dfs_host": "flowlogsvnetpc.dfs.core.windows.net",
            "primary_dfs_internet_endpoint": "",
            "primary_dfs_internet_host": "",
            "primary_dfs_microsoft_endpoint": "",
            "primary_dfs_microsoft_host": "",
            "primary_file_endpoint": "https://flowlogsvnetpc.file.core.windows.net/",
            "primary_file_host": "flowlogsvnetpc.file.core.windows.net",
            "primary_file_internet_endpoint": "",
            "primary_file_internet_host": "",
            "primary_file_microsoft_endpoint": "",
            "primary_file_microsoft_host": "",
            "primary_location": "eastus",
            "primary_queue_endpoint": "https://flowlogsvnetpc.queue.core.windows.net/",
            "primary_queue_host": "flowlogsvnetpc.queue.core.windows.net",
            "primary_queue_microsoft_endpoint": "",
            "primary_queue_microsoft_host": "",
            "primary_table_endpoint": "https://flowlogsvnetpc.table.core.windows.net/",
            "primary_table_host": "flowlogsvnetpc.table.core.windows.net",
            "primary_table_microsoft_endpoint": "",
            "primary_table_microsoft_host": "",
            "primary_web_endpoint": "https://flowlogsvnetpc.z13.web.core.windows.net/",
            "primary_web_host": "flowlogsvnetpc.z13.web.core.windows.net",
            "primary_web_internet_endpoint": "",
            "primary_web_internet_host": "",
            "primary_web_microsoft_endpoint": "",
            "primary_web_microsoft_host": "",
            "public_network_access_enabled": true,
            "queue_encryption_key_type": "Service",
            "queue_properties": [
              {
                "cors_rule": [],
                "hour_metrics": [
                  {
                    "enabled": false,
                    "include_apis": false,
                    "retention_policy_days": 0,
                    "version": "1.0"
                  }
                ],
                "logging": [
                  {
                    "delete": false,
                    "read": false,
                    "retention_policy_days": 0,
                    "version": "1.0",
                    "write": false
                  }
                ],
                "minute_metrics": [
                  {
                    "enabled": false,
                    "include_apis": false,
                    "retention_policy_days": 0,
                    "version": "1.0"
                  }
                ]
              }
            ],
            "resource_group_name": "flowlog-rg",
            "routing": [],
            "sas_policy": [],
            "secondary_access_key": "dTnBYGpwKAcFHgQWBzpzra2H+mRDl/6sAOxf3JOkzoqeDM8icgAlFyr4PFi7XEMKVYu764RCIr5X+AStQUxIaA==",
            "secondary_blob_connection_string": "",
            "secondary_blob_endpoint": "",
            "secondary_blob_host": "",
            "secondary_blob_internet_endpoint": "",
            "secondary_blob_internet_host": "",
            "secondary_blob_microsoft_endpoint": "",
            "secondary_blob_microsoft_host": "",
            "secondary_connection_string": "DefaultEndpointsProtocol=https;AccountName=flowlogsvnetpc;AccountKey=dTnBYGpwKAcFHgQWBzpzra2H+mRDl/6sAOxf3JOkzoqeDM8icgAlFyr4PFi7XEMKVYu764RCIr5X+AStQUxIaA==;EndpointSuffix=core.windows.net",
            "secondary_dfs_endpoint": "",
            "secondary_dfs_host": "",
            "secondary_dfs_internet_endpoint": "",
            "secondary_dfs_internet_host": "",
            "secondary_dfs_microsoft_endpoint": "",
            "secondary_dfs_microsoft_host": "",
            "secondary_file_endpoint": "",
            "secondary_file_host": "",
            "secondary_file_internet_endpoint": "",
            "secondary_file_internet_host": "",
            "secondary_file_microsoft_endpoint": "",
            "secondary_file_microsoft_host": "",
            "secondary_location": "",
            "secondary_queue_endpoint": "",
            "secondary_queue_host": "",
            "secondary_queue_microsoft_endpoint": "",
            "secondary_queue_microsoft_host": "",
            "secondary_table_endpoint": "",
            "secondary_table_host": "",
            "secondary_table_microsoft_endpoint": "",
            "secondary_table_microsoft_host": "",
            "secondary_web_endpoint": "",
            "secondary_web_host": "",
            "secondary_web_internet_endpoint": "",
            "secondary_web_internet_host": "",
            "secondary_web_microsoft_endpoint": "",
            "secondary_web_microsoft_host": "",
            "sftp_enabled": false,
            "share_properties": [
              {
                "cors_rule": [],
                "retention_policy": [
                  {
                    "days": 7
                  }
                ],
                "smb": []
              }
            ],
            "shared_access_key_enabled": true,
            "static_website": [],
            "table_encryption_key_type": "Service",
            "tags": {
              "Environment": "Dev",
              "Owner": "smakineni",
              "Project": "NetworkFlowLogs"
            },
            "timeouts": null
          },
          "sensitive_attributes": [],
          "private": "eyJlMmJmYjczMC1lY2FhLTExZTYtOGY4OC0zNDM2M2JjN2M0YzAiOnsiY3JlYXRlIjozNjAwMDAwMDAwMDAwLCJkZWxldGUiOjM2MDAwMDAwMDAwMDAsInJlYWQiOjMwMDAwMDAwMDAwMCwidXBkYXRlIjozNjAwMDAwMDAwMDAwfSwic2NoZW1hX3ZlcnNpb24iOiI0In0=",
          "dependencies": [
            "azurerm_resource_group.rg",
            "azurerm_subnet.flowlog_subnet",
            "azurerm_virtual_network.vnet"
          ]
        }
      ]
    },
    {
      "mode": "managed",
      "type": "azurerm_subnet",
      "name": "flowlog_subnet",
      "provider": "provider[\"registry.terraform.io/hashicorp/azurerm\"]",
      "instances": [
        {
          "schema_version": 0,
          "attributes": {
            "address_prefixes": [
              "10.0.1.0/24"
            ],
            "default_outbound_access_enabled": true,
            "delegation": [],
            "enforce_private_link_endpoint_network_policies": false,
            "enforce_private_link_service_network_policies": false,
            "id": "/subscriptions/116f60fd-cd0c-4c20-be97-fc4f2a181d81/resourceGroups/flowlog-rg/providers/Microsoft.Network/virtualNetworks/flowlog-vnet/subnets/flowlog-subnet",
            "name": "flowlog-subnet",
            "private_endpoint_network_policies": "Enabled",
            "private_endpoint_network_policies_enabled": true,
            "private_link_service_network_policies_enabled": true,
            "resource_group_name": "flowlog-rg",
            "service_endpoint_policy_ids": [],
            "service_endpoints": [
              "Microsoft.Storage"
            ],
            "timeouts": null,
            "virtual_network_name": "flowlog-vnet"
          },
          "sensitive_attributes": [],
          "private": "eyJlMmJmYjczMC1lY2FhLTExZTYtOGY4OC0zNDM2M2JjN2M0YzAiOnsiY3JlYXRlIjoxODAwMDAwMDAwMDAwLCJkZWxldGUiOjE4MDAwMDAwMDAwMDAsInJlYWQiOjMwMDAwMDAwMDAwMCwidXBkYXRlIjoxODAwMDAwMDAwMDAwfX0=",
          "dependencies": [
            "azurerm_resource_group.rg",
            "azurerm_virtual_network.vnet"
          ]
        }
      ]
    },
    {
      "mode": "managed",
      "type": "azurerm_subnet_network_security_group_association",
      "name": "flowlog_nsg_association",
      "provider": "provider[\"registry.terraform.io/hashicorp/azurerm\"]",
      "instances": [
        {
          "schema_version": 0,
          "attributes": {
            "id": "/subscriptions/116f60fd-cd0c-4c20-be97-fc4f2a181d81/resourceGroups/flowlog-rg/providers/Microsoft.Network/virtualNetworks/flowlog-vnet/subnets/flowlog-subnet",
            "network_security_group_id": "/subscriptions/116f60fd-cd0c-4c20-be97-fc4f2a181d81/resourceGroups/flowlog-rg/providers/Microsoft.Network/networkSecurityGroups/flowlog-subnet-nsg",
            "subnet_id": "/subscriptions/116f60fd-cd0c-4c20-be97-fc4f2a181d81/resourceGroups/flowlog-rg/providers/Microsoft.Network/virtualNetworks/flowlog-vnet/subnets/flowlog-subnet",
            "timeouts": null
          },
          "sensitive_attributes": [],
          "private": "eyJlMmJmYjczMC1lY2FhLTExZTYtOGY4OC0zNDM2M2JjN2M0YzAiOnsiY3JlYXRlIjoxODAwMDAwMDAwMDAwLCJkZWxldGUiOjE4MDAwMDAwMDAwMDAsInJlYWQiOjMwMDAwMDAwMDAwMH19",
          "dependencies": [
            "azurerm_network_security_group.flowlog_nsg",
            "azurerm_resource_group.rg",
            "azurerm_subnet.flowlog_subnet",
            "azurerm_virtual_network.vnet"
          ]
        }
      ]
    },
    {
      "mode": "managed",
      "type": "azurerm_virtual_network",
      "name": "vnet",
      "provider": "provider[\"registry.terraform.io/hashicorp/azurerm\"]",
      "instances": [
        {
          "schema_version": 0,
          "attributes": {
            "address_space": [
              "10.0.0.0/16"
            ],
            "bgp_community": "",
            "ddos_protection_plan": [],
            "dns_servers": [],
            "edge_zone": "",
            "encryption": [],
            "flow_timeout_in_minutes": 0,
            "guid": "8a039cc0-083b-4de8-9f94-9d442bd527c7",
            "id": "/subscriptions/116f60fd-cd0c-4c20-be97-fc4f2a181d81/resourceGroups/flowlog-rg/providers/Microsoft.Network/virtualNetworks/flowlog-vnet",
            "location": "eastus",
            "name": "flowlog-vnet",
            "resource_group_name": "flowlog-rg",
            "subnet": [
              {
                "address_prefix": "10.0.1.0/24",
                "id": "/subscriptions/116f60fd-cd0c-4c20-be97-fc4f2a181d81/resourceGroups/flowlog-rg/providers/Microsoft.Network/virtualNetworks/flowlog-vnet/subnets/flowlog-subnet",
                "name": "flowlog-subnet",
                "security_group": "/subscriptions/116f60fd-cd0c-4c20-be97-fc4f2a181d81/resourceGroups/flowlog-rg/providers/Microsoft.Network/networkSecurityGroups/flowlog-subnet-nsg"
              }
            ],
            "tags": {
              "Environment": "Dev",
              "Owner": "smakineni",
              "Project": "NetworkFlowLogs"
            },
            "timeouts": null
          },
          "sensitive_attributes": [],
          "private": "eyJlMmJmYjczMC1lY2FhLTExZTYtOGY4OC0zNDM2M2JjN2M0YzAiOnsiY3JlYXRlIjoxODAwMDAwMDAwMDAwLCJkZWxldGUiOjE4MDAwMDAwMDAwMDAsInJlYWQiOjMwMDAwMDAwMDAwMCwidXBkYXRlIjoxODAwMDAwMDAwMDAwfX0=",
          "dependencies": [
            "azurerm_resource_group.rg"
          ]
        }
      ]
    }
  ],
  "check_results": null
}
